# THIS IS AN AUTOGENERATED FILE. DO NOT EDIT THIS FILE DIRECTLY.
# yarn lockfile v1


bootstrap-icons@^1.6.1:
  version "1.6.1"
  resolved "https://registry.yarnpkg.com/bootstrap-icons/-/bootstrap-icons-1.6.1.tgz#66c87beff34840efa5f248b3091c82d9348864e8"
  integrity sha512-MNpF89+njCdVJePDRbCd2DrUusqIyNsPlBrdKqBEXAvFZpwb+Gc8k2VlyF2ueiDQn1PoeTSg9UqQNgx8tGqHAA==

bootstrap@^5.1.2:
  version "5.1.2"
  resolved "https://registry.yarnpkg.com/bootstrap/-/bootstrap-5.1.2.tgz#99e87134e656582bc126cf99be7ffb2bae9b8a2e"
  integrity sha512-me838a7TSEkldKyplkx21dqFm16+9NbH/rCj3Myo+h2cByyjckqV4m0OnS8QBsSDEoBv8R2jHqfulGQXpvM8Bw==
